
Microsoft Visual Studio Solution File, Format Version 12.00
# Visual Studio Version 16
VisualStudioVersion = 16.0.31005.135
MinimumVisualStudioVersion = 10.0.40219.1
Project("{8BC9CEB8-8B4A-11D0-8D11-00A0C91BC942}") = "walk_thru_the_forest", "walk_thru_the_forest.vcxproj", "{3E43B1E2-6329-486F-A802-DCA282254A84}"
EndProject
Global
	GlobalSection(SolutionConfigurationPlatforms) = preSolution
		Debug|x64 = Debug|x64
		Debug|x86 = Debug|x86
		Release|x64 = Release|x64
		Release|x86 = Release|x86
	EndGlobalSection
	GlobalSection(ProjectConfigurationPlatforms) = postSolution
		{3E43B1E2-6329-486F-A802-DCA282254A84}.Debug|x64.ActiveCfg = Debug|x64
		{3E43B1E2-6329-486F-A802-DCA282254A84}.Debug|x64.Build.0 = Debug|x64
		{3E43B1E2-6329-486F-A802-DCA282254A84}.Debug|x86.ActiveCfg = Debug|Win32
		{3E43B1E2-6329-486F-A802-DCA282254A84}.Debug|x86.Build.0 = Debug|Win32
		{3E43B1E2-6329-486F-A802-DCA282254A84}.Release|x64.ActiveCfg = Release|x64
		{3E43B1E2-6329-486F-A802-DCA282254A84}.Release|x64.Build.0 = Release|x64
		{3E43B1E2-6329-486F-A802-DCA282254A84}.Release|x86.ActiveCfg = Release|Win32
		{3E43B1E2-6329-486F-A802-DCA282254A84}.Release|x86.Build.0 = Release|Win32
	EndGlobalSection
	GlobalSection(SolutionProperties) = preSolution
		HideSolutionNode = FALSE
	EndGlobalSection
	GlobalSection(ExtensibilityGlobals) = postSolution
		SolutionGuid = {93190372-4E04-4B2C-A13D-211C285CB1C0}
	EndGlobalSection
EndGlobal
